// !$*UTF8*$!
{
	archiveVersion = 1;
	classes = {
	};
	objectVersion = 50;
	objects = {

/* Begin PBXBuildFile section */
		B778FDB020F645ED00E6D168 /* Main.cc in Sources */ = {isa = PBXBuildFile; fileRef = B778FD9420F645ED00E6D168 /* Main.cc */; };
		B778FDB120F645ED00E6D168 /* EReader.cc in Sources */ = {isa = PBXBuildFile; fileRef = B778FD9520F645ED00E6D168 /* EReader.cc */; };
		B778FDB220F645ED00E6D168 /* EMutex.cc in Sources */ = {isa = PBXBuildFile; fileRef = B778FD9620F645ED00E6D168 /* EMutex.cc */; };
		B778FDB320F645ED00E6D168 /* StdAfx.cc in Sources */ = {isa = PBXBuildFile; fileRef = B778FD9720F645ED00E6D168 /* StdAfx.cc */; };
		B778FDB420F645ED00E6D168 /* DefaultEWrapper.cc in Sources */ = {isa = PBXBuildFile; fileRef = B778FD9820F645ED00E6D168 /* DefaultEWrapper.cc */; };
		B778FDB520F645ED00E6D168 /* EReaderOSSignal.cc in Sources */ = {isa = PBXBuildFile; fileRef = B778FD9920F645ED00E6D168 /* EReaderOSSignal.cc */; };
		B778FDB620F645ED00E6D168 /* PercentChangeCondition.cc in Sources */ = {isa = PBXBuildFile; fileRef = B778FD9A20F645ED00E6D168 /* PercentChangeCondition.cc */; };
		B778FDB720F645ED00E6D168 /* Utils.cc in Sources */ = {isa = PBXBuildFile; fileRef = B778FD9B20F645ED00E6D168 /* Utils.cc */; };
		B778FDB820F645ED00E6D168 /* ScannerSubscriptionSamples.cc in Sources */ = {isa = PBXBuildFile; fileRef = B778FD9C20F645ED00E6D168 /* ScannerSubscriptionSamples.cc */; };
		B778FDB920F645ED00E6D168 /* PriceCondition.cc in Sources */ = {isa = PBXBuildFile; fileRef = B778FD9D20F645ED00E6D168 /* PriceCondition.cc */; };
		B778FDBA20F645ED00E6D168 /* TimeCondition.cc in Sources */ = {isa = PBXBuildFile; fileRef = B778FD9E20F645ED00E6D168 /* TimeCondition.cc */; };
		B778FDBB20F645ED00E6D168 /* ContractSamples.cc in Sources */ = {isa = PBXBuildFile; fileRef = B778FD9F20F645ED00E6D168 /* ContractSamples.cc */; };
		B778FDBC20F645ED00E6D168 /* ESocket.cc in Sources */ = {isa = PBXBuildFile; fileRef = B778FDA020F645ED00E6D168 /* ESocket.cc */; };
		B778FDBD20F645ED00E6D168 /* MarginCondition.cc in Sources */ = {isa = PBXBuildFile; fileRef = B778FDA120F645ED00E6D168 /* MarginCondition.cc */; };
		B778FDBE20F645EE00E6D168 /* OrderCondition.cc in Sources */ = {isa = PBXBuildFile; fileRef = B778FDA220F645ED00E6D168 /* OrderCondition.cc */; };
		B778FDBF20F645EE00E6D168 /* executioncondition.cc in Sources */ = {isa = PBXBuildFile; fileRef = B778FDA320F645ED00E6D168 /* executioncondition.cc */; };
		B778FDC020F645EE00E6D168 /* OperatorCondition.cc in Sources */ = {isa = PBXBuildFile; fileRef = B778FDA420F645ED00E6D168 /* OperatorCondition.cc */; };
		B778FDC120F645EE00E6D168 /* EDecoder.cc in Sources */ = {isa = PBXBuildFile; fileRef = B778FDA520F645ED00E6D168 /* EDecoder.cc */; };
		B778FDC220F645EE00E6D168 /* VolumeCondition.cc in Sources */ = {isa = PBXBuildFile; fileRef = B778FDA620F645ED00E6D168 /* VolumeCondition.cc */; };
		B778FDC320F645EE00E6D168 /* OrderSamples.cc in Sources */ = {isa = PBXBuildFile; fileRef = B778FDA720F645ED00E6D168 /* OrderSamples.cc */; };
		B778FDC420F645EE00E6D168 /* SoftDollarTier.cc in Sources */ = {isa = PBXBuildFile; fileRef = B778FDA820F645ED00E6D168 /* SoftDollarTier.cc */; };
		B778FDC520F645EE00E6D168 /* EClient.cc in Sources */ = {isa = PBXBuildFile; fileRef = B778FDA920F645ED00E6D168 /* EClient.cc */; };
		B778FDC620F645EE00E6D168 /* EClientSocket.cc in Sources */ = {isa = PBXBuildFile; fileRef = B778FDAA20F645ED00E6D168 /* EClientSocket.cc */; };
		B778FDC720F645EE00E6D168 /* EMessage.cc in Sources */ = {isa = PBXBuildFile; fileRef = B778FDAB20F645ED00E6D168 /* EMessage.cc */; };
		B778FDC820F645EE00E6D168 /* AvailableAlgoParams.cc in Sources */ = {isa = PBXBuildFile; fileRef = B778FDAC20F645ED00E6D168 /* AvailableAlgoParams.cc */; };
		B778FDC920F645EE00E6D168 /* ContractCondition.cc in Sources */ = {isa = PBXBuildFile; fileRef = B778FDAD20F645ED00E6D168 /* ContractCondition.cc */; };
		B778FDCA20F645EE00E6D168 /* AccountSummaryTags.cc in Sources */ = {isa = PBXBuildFile; fileRef = B778FDAE20F645ED00E6D168 /* AccountSummaryTags.cc */; };
		B778FDCB20F645EE00E6D168 /* TestCppClient.cc in Sources */ = {isa = PBXBuildFile; fileRef = B778FDAF20F645ED00E6D168 /* TestCppClient.cc */; };
/* End PBXBuildFile section */

/* Begin PBXCopyFilesBuildPhase section */
		B778FD8720F6459F00E6D168 /* CopyFiles */ = {
			isa = PBXCopyFilesBuildPhase;
			buildActionMask = 2147483647;
			dstPath = /usr/share/man/man1/;
			dstSubfolderSpec = 0;
			files = (
			);
			runOnlyForDeploymentPostprocessing = 1;
		};
/* End PBXCopyFilesBuildPhase section */

/* Begin PBXFileReference section */
		B778FD8920F6459F00E6D168 /* Gold */ = {isa = PBXFileReference; explicitFileType = "compiled.mach-o.executable"; includeInIndex = 0; path = Gold; sourceTree = BUILT_PRODUCTS_DIR; };
		B778FD9420F645ED00E6D168 /* Main.cc */ = {isa = PBXFileReference; fileEncoding = 4; lastKnownFileType = sourcecode.cpp.cpp; path = Main.cc; sourceTree = "<group>"; };
		B778FD9520F645ED00E6D168 /* EReader.cc */ = {isa = PBXFileReference; fileEncoding = 4; lastKnownFileType = sourcecode.cpp.cpp; path = EReader.cc; sourceTree = "<group>"; };
		B778FD9620F645ED00E6D168 /* EMutex.cc */ = {isa = PBXFileReference; fileEncoding = 4; lastKnownFileType = sourcecode.cpp.cpp; path = EMutex.cc; sourceTree = "<group>"; };
		B778FD9720F645ED00E6D168 /* StdAfx.cc */ = {isa = PBXFileReference; fileEncoding = 4; lastKnownFileType = sourcecode.cpp.cpp; path = StdAfx.cc; sourceTree = "<group>"; };
		B778FD9820F645ED00E6D168 /* DefaultEWrapper.cc */ = {isa = PBXFileReference; fileEncoding = 4; lastKnownFileType = sourcecode.cpp.cpp; path = DefaultEWrapper.cc; sourceTree = "<group>"; };
		B778FD9920F645ED00E6D168 /* EReaderOSSignal.cc */ = {isa = PBXFileReference; fileEncoding = 4; lastKnownFileType = sourcecode.cpp.cpp; path = EReaderOSSignal.cc; sourceTree = "<group>"; };
		B778FD9A20F645ED00E6D168 /* PercentChangeCondition.cc */ = {isa = PBXFileReference; fileEncoding = 4; lastKnownFileType = sourcecode.cpp.cpp; path = PercentChangeCondition.cc; sourceTree = "<group>"; };
		B778FD9B20F645ED00E6D168 /* Utils.cc */ = {isa = PBXFileReference; fileEncoding = 4; lastKnownFileType = sourcecode.cpp.cpp; path = Utils.cc; sourceTree = "<group>"; };
		B778FD9C20F645ED00E6D168 /* ScannerSubscriptionSamples.cc */ = {isa = PBXFileReference; fileEncoding = 4; lastKnownFileType = sourcecode.cpp.cpp; path = ScannerSubscriptionSamples.cc; sourceTree = "<group>"; };
		B778FD9D20F645ED00E6D168 /* PriceCondition.cc */ = {isa = PBXFileReference; fileEncoding = 4; lastKnownFileType = sourcecode.cpp.cpp; path = PriceCondition.cc; sourceTree = "<group>"; };
		B778FD9E20F645ED00E6D168 /* TimeCondition.cc */ = {isa = PBXFileReference; fileEncoding = 4; lastKnownFileType = sourcecode.cpp.cpp; path = TimeCondition.cc; sourceTree = "<group>"; };
		B778FD9F20F645ED00E6D168 /* ContractSamples.cc */ = {isa = PBXFileReference; fileEncoding = 4; lastKnownFileType = sourcecode.cpp.cpp; path = ContractSamples.cc; sourceTree = "<group>"; };
		B778FDA020F645ED00E6D168 /* ESocket.cc */ = {isa = PBXFileReference; fileEncoding = 4; lastKnownFileType = sourcecode.cpp.cpp; path = ESocket.cc; sourceTree = "<group>"; };
		B778FDA120F645ED00E6D168 /* MarginCondition.cc */ = {isa = PBXFileReference; fileEncoding = 4; lastKnownFileType = sourcecode.cpp.cpp; path = MarginCondition.cc; sourceTree = "<group>"; };
		B778FDA220F645ED00E6D168 /* OrderCondition.cc */ = {isa = PBXFileReference; fileEncoding = 4; lastKnownFileType = sourcecode.cpp.cpp; path = OrderCondition.cc; sourceTree = "<group>"; };
		B778FDA320F645ED00E6D168 /* executioncondition.cc */ = {isa = PBXFileReference; fileEncoding = 4; lastKnownFileType = sourcecode.cpp.cpp; path = executioncondition.cc; sourceTree = "<group>"; };
		B778FDA420F645ED00E6D168 /* OperatorCondition.cc */ = {isa = PBXFileReference; fileEncoding = 4; lastKnownFileType = sourcecode.cpp.cpp; path = OperatorCondition.cc; sourceTree = "<group>"; };
		B778FDA520F645ED00E6D168 /* EDecoder.cc */ = {isa = PBXFileReference; fileEncoding = 4; lastKnownFileType = sourcecode.cpp.cpp; path = EDecoder.cc; sourceTree = "<group>"; };
		B778FDA620F645ED00E6D168 /* VolumeCondition.cc */ = {isa = PBXFileReference; fileEncoding = 4; lastKnownFileType = sourcecode.cpp.cpp; path = VolumeCondition.cc; sourceTree = "<group>"; };
		B778FDA720F645ED00E6D168 /* OrderSamples.cc */ = {isa = PBXFileReference; fileEncoding = 4; lastKnownFileType = sourcecode.cpp.cpp; path = OrderSamples.cc; sourceTree = "<group>"; };
		B778FDA820F645ED00E6D168 /* SoftDollarTier.cc */ = {isa = PBXFileReference; fileEncoding = 4; lastKnownFileType = sourcecode.cpp.cpp; path = SoftDollarTier.cc; sourceTree = "<group>"; };
		B778FDA920F645ED00E6D168 /* EClient.cc */ = {isa = PBXFileReference; fileEncoding = 4; lastKnownFileType = sourcecode.cpp.cpp; path = EClient.cc; sourceTree = "<group>"; };
		B778FDAA20F645ED00E6D168 /* EClientSocket.cc */ = {isa = PBXFileReference; fileEncoding = 4; lastKnownFileType = sourcecode.cpp.cpp; path = EClientSocket.cc; sourceTree = "<group>"; };
		B778FDAB20F645ED00E6D168 /* EMessage.cc */ = {isa = PBXFileReference; fileEncoding = 4; lastKnownFileType = sourcecode.cpp.cpp; path = EMessage.cc; sourceTree = "<group>"; };
		B778FDAC20F645ED00E6D168 /* AvailableAlgoParams.cc */ = {isa = PBXFileReference; fileEncoding = 4; lastKnownFileType = sourcecode.cpp.cpp; path = AvailableAlgoParams.cc; sourceTree = "<group>"; };
		B778FDAD20F645ED00E6D168 /* ContractCondition.cc */ = {isa = PBXFileReference; fileEncoding = 4; lastKnownFileType = sourcecode.cpp.cpp; path = ContractCondition.cc; sourceTree = "<group>"; };
		B778FDAE20F645ED00E6D168 /* AccountSummaryTags.cc */ = {isa = PBXFileReference; fileEncoding = 4; lastKnownFileType = sourcecode.cpp.cpp; path = AccountSummaryTags.cc; sourceTree = "<group>"; };
		B778FDAF20F645ED00E6D168 /* TestCppClient.cc */ = {isa = PBXFileReference; fileEncoding = 4; lastKnownFileType = sourcecode.cpp.cpp; path = TestCppClient.cc; sourceTree = "<group>"; };
		B778FDCD20F645FB00E6D168 /* executioncondition.h */ = {isa = PBXFileReference; fileEncoding = 4; lastKnownFileType = sourcecode.c.h; path = executioncondition.h; sourceTree = "<group>"; };
		B778FDCE20F645FB00E6D168 /* TestCppClient.h */ = {isa = PBXFileReference; fileEncoding = 4; lastKnownFileType = sourcecode.c.h; path = TestCppClient.h; sourceTree = "<group>"; };
		B778FDCF20F645FB00E6D168 /* ScannerSubscription.h */ = {isa = PBXFileReference; fileEncoding = 4; lastKnownFileType = sourcecode.c.h; path = ScannerSubscription.h; sourceTree = "<group>"; };
		B778FDD020F645FB00E6D168 /* Utils.h */ = {isa = PBXFileReference; fileEncoding = 4; lastKnownFileType = sourcecode.c.h; path = Utils.h; sourceTree = "<group>"; };
		B778FDD120F645FB00E6D168 /* EDecoder.h */ = {isa = PBXFileReference; fileEncoding = 4; lastKnownFileType = sourcecode.c.h; path = EDecoder.h; sourceTree = "<group>"; };
		B778FDD220F645FB00E6D168 /* TickAttrib.h */ = {isa = PBXFileReference; fileEncoding = 4; lastKnownFileType = sourcecode.c.h; path = TickAttrib.h; sourceTree = "<group>"; };
		B778FDD320F645FB00E6D168 /* OrderSamples.h */ = {isa = PBXFileReference; fileEncoding = 4; lastKnownFileType = sourcecode.c.h; path = OrderSamples.h; sourceTree = "<group>"; };
		B778FDD420F645FB00E6D168 /* CommonDefs.h */ = {isa = PBXFileReference; fileEncoding = 4; lastKnownFileType = sourcecode.c.h; path = CommonDefs.h; sourceTree = "<group>"; };
		B778FDD520F645FB00E6D168 /* SoftDollarTier.h */ = {isa = PBXFileReference; fileEncoding = 4; lastKnownFileType = sourcecode.c.h; path = SoftDollarTier.h; sourceTree = "<group>"; };
		B778FDD620F645FB00E6D168 /* StdAfx.h */ = {isa = PBXFileReference; fileEncoding = 4; lastKnownFileType = sourcecode.c.h; path = StdAfx.h; sourceTree = "<group>"; };
		B778FDD720F645FB00E6D168 /* TwsSocketClientErrors.h */ = {isa = PBXFileReference; fileEncoding = 4; lastKnownFileType = sourcecode.c.h; path = TwsSocketClientErrors.h; sourceTree = "<group>"; };
		B778FDD820F645FB00E6D168 /* EReaderSignal.h */ = {isa = PBXFileReference; fileEncoding = 4; lastKnownFileType = sourcecode.c.h; path = EReaderSignal.h; sourceTree = "<group>"; };
		B778FDD920F645FB00E6D168 /* EClient.h */ = {isa = PBXFileReference; fileEncoding = 4; lastKnownFileType = sourcecode.c.h; path = EClient.h; sourceTree = "<group>"; };
		B778FDDA20F645FB00E6D168 /* FamilyCode.h */ = {isa = PBXFileReference; fileEncoding = 4; lastKnownFileType = sourcecode.c.h; path = FamilyCode.h; sourceTree = "<group>"; };
		B778FDDB20F645FB00E6D168 /* EMessage.h */ = {isa = PBXFileReference; fileEncoding = 4; lastKnownFileType = sourcecode.c.h; path = EMessage.h; sourceTree = "<group>"; };
		B778FDDC20F645FB00E6D168 /* EReader.h */ = {isa = PBXFileReference; fileEncoding = 4; lastKnownFileType = sourcecode.c.h; path = EReader.h; sourceTree = "<group>"; };
		B778FDDD20F645FB00E6D168 /* DefaultEWrapper.h */ = {isa = PBXFileReference; fileEncoding = 4; lastKnownFileType = sourcecode.c.h; path = DefaultEWrapper.h; sourceTree = "<group>"; };
		B778FDDE20F645FB00E6D168 /* MarginCondition.h */ = {isa = PBXFileReference; fileEncoding = 4; lastKnownFileType = sourcecode.c.h; path = MarginCondition.h; sourceTree = "<group>"; };
		B778FDDF20F645FB00E6D168 /* EWrapper.h */ = {isa = PBXFileReference; fileEncoding = 4; lastKnownFileType = sourcecode.c.h; path = EWrapper.h; sourceTree = "<group>"; };
		B778FDE020F645FB00E6D168 /* ETransport.h */ = {isa = PBXFileReference; fileEncoding = 4; lastKnownFileType = sourcecode.c.h; path = ETransport.h; sourceTree = "<group>"; };
		B778FDE120F645FB00E6D168 /* Execution.h */ = {isa = PBXFileReference; fileEncoding = 4; lastKnownFileType = sourcecode.c.h; path = Execution.h; sourceTree = "<group>"; };
		B778FDE220F645FB00E6D168 /* EClientMsgSink.h */ = {isa = PBXFileReference; fileEncoding = 4; lastKnownFileType = sourcecode.c.h; path = EClientMsgSink.h; sourceTree = "<group>"; };
		B778FDE320F645FB00E6D168 /* HistoricalTick.h */ = {isa = PBXFileReference; fileEncoding = 4; lastKnownFileType = sourcecode.c.h; path = HistoricalTick.h; sourceTree = "<group>"; };
		B778FDE420F645FB00E6D168 /* bar.h */ = {isa = PBXFileReference; fileEncoding = 4; lastKnownFileType = sourcecode.c.h; path = bar.h; sourceTree = "<group>"; };
		B778FDE520F645FB00E6D168 /* EPosixClientSocketPlatform.h */ = {isa = PBXFileReference; fileEncoding = 4; lastKnownFileType = sourcecode.c.h; path = EPosixClientSocketPlatform.h; sourceTree = "<group>"; };
		B778FDE620F645FB00E6D168 /* AccountSummaryTags.h */ = {isa = PBXFileReference; fileEncoding = 4; lastKnownFileType = sourcecode.c.h; path = AccountSummaryTags.h; sourceTree = "<group>"; };
		B778FDE720F645FB00E6D168 /* CommissionReport.h */ = {isa = PBXFileReference; fileEncoding = 4; lastKnownFileType = sourcecode.c.h; path = CommissionReport.h; sourceTree = "<group>"; };
		B778FDE820F645FB00E6D168 /* PriceIncrement.h */ = {isa = PBXFileReference; fileEncoding = 4; lastKnownFileType = sourcecode.c.h; path = PriceIncrement.h; sourceTree = "<group>"; };
		B778FDE920F645FB00E6D168 /* EMutex.h */ = {isa = PBXFileReference; fileEncoding = 4; lastKnownFileType = sourcecode.c.h; path = EMutex.h; sourceTree = "<group>"; };
		B778FDEA20F645FB00E6D168 /* ScannerSubscriptionSamples.h */ = {isa = PBXFileReference; fileEncoding = 4; lastKnownFileType = sourcecode.c.h; path = ScannerSubscriptionSamples.h; sourceTree = "<group>"; };
		B778FDEB20F645FB00E6D168 /* PriceCondition.h */ = {isa = PBXFileReference; fileEncoding = 4; lastKnownFileType = sourcecode.c.h; path = PriceCondition.h; sourceTree = "<group>"; };
		B778FDEC20F645FB00E6D168 /* OrderCondition.h */ = {isa = PBXFileReference; fileEncoding = 4; lastKnownFileType = sourcecode.c.h; path = OrderCondition.h; sourceTree = "<group>"; };
		B778FDED20F645FB00E6D168 /* ContractCondition.h */ = {isa = PBXFileReference; fileEncoding = 4; lastKnownFileType = sourcecode.c.h; path = ContractCondition.h; sourceTree = "<group>"; };
		B778FDEE20F645FB00E6D168 /* Order.h */ = {isa = PBXFileReference; fileEncoding = 4; lastKnownFileType = sourcecode.c.h; path = Order.h; sourceTree = "<group>"; };
		B778FDEF20F645FB00E6D168 /* AvailableAlgoParams.h */ = {isa = PBXFileReference; fileEncoding = 4; lastKnownFileType = sourcecode.c.h; path = AvailableAlgoParams.h; sourceTree = "<group>"; };
		B778FDF020F645FB00E6D168 /* OperatorCondition.h */ = {isa = PBXFileReference; fileEncoding = 4; lastKnownFileType = sourcecode.c.h; path = OperatorCondition.h; sourceTree = "<group>"; };
		B778FDF120F645FB00E6D168 /* TagValue.h */ = {isa = PBXFileReference; fileEncoding = 4; lastKnownFileType = sourcecode.c.h; path = TagValue.h; sourceTree = "<group>"; };
		B778FDF220F645FB00E6D168 /* DepthMktDataDescription.h */ = {isa = PBXFileReference; fileEncoding = 4; lastKnownFileType = sourcecode.c.h; path = DepthMktDataDescription.h; sourceTree = "<group>"; };
		B778FDF320F645FB00E6D168 /* resource.h */ = {isa = PBXFileReference; fileEncoding = 4; lastKnownFileType = sourcecode.c.h; path = resource.h; sourceTree = "<group>"; };
		B778FDF420F645FB00E6D168 /* VolumeCondition.h */ = {isa = PBXFileReference; fileEncoding = 4; lastKnownFileType = sourcecode.c.h; path = VolumeCondition.h; sourceTree = "<group>"; };
		B778FDF520F645FB00E6D168 /* TimeCondition.h */ = {isa = PBXFileReference; fileEncoding = 4; lastKnownFileType = sourcecode.c.h; path = TimeCondition.h; sourceTree = "<group>"; };
		B778FDF620F645FB00E6D168 /* EWrapper_prototypes.h */ = {isa = PBXFileReference; fileEncoding = 4; lastKnownFileType = sourcecode.c.h; path = EWrapper_prototypes.h; sourceTree = "<group>"; };
		B778FDF720F645FB00E6D168 /* EReaderOSSignal.h */ = {isa = PBXFileReference; fileEncoding = 4; lastKnownFileType = sourcecode.c.h; path = EReaderOSSignal.h; sourceTree = "<group>"; };
		B778FDF820F645FB00E6D168 /* Contract.h */ = {isa = PBXFileReference; fileEncoding = 4; lastKnownFileType = sourcecode.c.h; path = Contract.h; sourceTree = "<group>"; };
		B778FDF920F645FB00E6D168 /* ESocket.h */ = {isa = PBXFileReference; fileEncoding = 4; lastKnownFileType = sourcecode.c.h; path = ESocket.h; sourceTree = "<group>"; };
		B778FDFA20F645FB00E6D168 /* IExternalizable.h */ = {isa = PBXFileReference; fileEncoding = 4; lastKnownFileType = sourcecode.c.h; path = IExternalizable.h; sourceTree = "<group>"; };
		B778FDFB20F645FB00E6D168 /* HistoricalTickLast.h */ = {isa = PBXFileReference; fileEncoding = 4; lastKnownFileType = sourcecode.c.h; path = HistoricalTickLast.h; sourceTree = "<group>"; };
		B778FDFC20F645FB00E6D168 /* ContractSamples.h */ = {isa = PBXFileReference; fileEncoding = 4; lastKnownFileType = sourcecode.c.h; path = ContractSamples.h; sourceTree = "<group>"; };
		B778FDFD20F645FB00E6D168 /* PercentChangeCondition.h */ = {isa = PBXFileReference; fileEncoding = 4; lastKnownFileType = sourcecode.c.h; path = PercentChangeCondition.h; sourceTree = "<group>"; };
		B778FDFE20F645FB00E6D168 /* OrderState.h */ = {isa = PBXFileReference; fileEncoding = 4; lastKnownFileType = sourcecode.c.h; path = OrderState.h; sourceTree = "<group>"; };
		B778FDFF20F645FB00E6D168 /* FAMethodSamples.h */ = {isa = PBXFileReference; fileEncoding = 4; lastKnownFileType = sourcecode.c.h; path = FAMethodSamples.h; sourceTree = "<group>"; };
		B778FE0020F645FB00E6D168 /* NewsProvider.h */ = {isa = PBXFileReference; fileEncoding = 4; lastKnownFileType = sourcecode.c.h; path = NewsProvider.h; sourceTree = "<group>"; };
		B778FE0120F645FB00E6D168 /* HistoricalTickBidAsk.h */ = {isa = PBXFileReference; fileEncoding = 4; lastKnownFileType = sourcecode.c.h; path = HistoricalTickBidAsk.h; sourceTree = "<group>"; };
		B778FE0220F645FB00E6D168 /* EClientSocket.h */ = {isa = PBXFileReference; fileEncoding = 4; lastKnownFileType = sourcecode.c.h; path = EClientSocket.h; sourceTree = "<group>"; };
		B778FE0320F645FB00E6D168 /* HistogramEntry.h */ = {isa = PBXFileReference; fileEncoding = 4; lastKnownFileType = sourcecode.c.h; path = HistogramEntry.h; sourceTree = "<group>"; };
/* End PBXFileReference section */

/* Begin PBXFrameworksBuildPhase section */
		B778FD8620F6459F00E6D168 /* Frameworks */ = {
			isa = PBXFrameworksBuildPhase;
			buildActionMask = 2147483647;
			files = (
			);
			runOnlyForDeploymentPostprocessing = 0;
		};
/* End PBXFrameworksBuildPhase section */

/* Begin PBXGroup section */
		B778FD8020F6459F00E6D168 = {
			isa = PBXGroup;
			children = (
				B778FDCC20F645FB00E6D168 /* Header */,
				B778FD9320F645ED00E6D168 /* Source */,
				B778FD8A20F6459F00E6D168 /* Products */,
			);
			sourceTree = "<group>";
		};
		B778FD8A20F6459F00E6D168 /* Products */ = {
			isa = PBXGroup;
			children = (
				B778FD8920F6459F00E6D168 /* Gold */,
			);
			name = Products;
			sourceTree = "<group>";
		};
		B778FD9320F645ED00E6D168 /* Source */ = {
			isa = PBXGroup;
			children = (
				B778FD9420F645ED00E6D168 /* Main.cc */,
				B778FDAF20F645ED00E6D168 /* TestCppClient.cc */,
				B778FD9520F645ED00E6D168 /* EReader.cc */,
				B778FD9620F645ED00E6D168 /* EMutex.cc */,
				B778FD9720F645ED00E6D168 /* StdAfx.cc */,
				B778FD9820F645ED00E6D168 /* DefaultEWrapper.cc */,
				B778FD9920F645ED00E6D168 /* EReaderOSSignal.cc */,
				B778FD9A20F645ED00E6D168 /* PercentChangeCondition.cc */,
				B778FD9B20F645ED00E6D168 /* Utils.cc */,
				B778FD9C20F645ED00E6D168 /* ScannerSubscriptionSamples.cc */,
				B778FD9D20F645ED00E6D168 /* PriceCondition.cc */,
				B778FD9E20F645ED00E6D168 /* TimeCondition.cc */,
				B778FD9F20F645ED00E6D168 /* ContractSamples.cc */,
				B778FDA020F645ED00E6D168 /* ESocket.cc */,
				B778FDA120F645ED00E6D168 /* MarginCondition.cc */,
				B778FDA220F645ED00E6D168 /* OrderCondition.cc */,
				B778FDA320F645ED00E6D168 /* executioncondition.cc */,
				B778FDA420F645ED00E6D168 /* OperatorCondition.cc */,
				B778FDA520F645ED00E6D168 /* EDecoder.cc */,
				B778FDA620F645ED00E6D168 /* VolumeCondition.cc */,
				B778FDA720F645ED00E6D168 /* OrderSamples.cc */,
				B778FDA820F645ED00E6D168 /* SoftDollarTier.cc */,
				B778FDA920F645ED00E6D168 /* EClient.cc */,
				B778FDAA20F645ED00E6D168 /* EClientSocket.cc */,
				B778FDAB20F645ED00E6D168 /* EMessage.cc */,
				B778FDAC20F645ED00E6D168 /* AvailableAlgoParams.cc */,
				B778FDAD20F645ED00E6D168 /* ContractCondition.cc */,
				B778FDAE20F645ED00E6D168 /* AccountSummaryTags.cc */,
			);
			path = Source;
			sourceTree = "<group>";
		};
		B778FDCC20F645FB00E6D168 /* Header */ = {
			isa = PBXGroup;
			children = (
				B778FDCD20F645FB00E6D168 /* executioncondition.h */,
				B778FDCE20F645FB00E6D168 /* TestCppClient.h */,
				B778FDCF20F645FB00E6D168 /* ScannerSubscription.h */,
				B778FDD020F645FB00E6D168 /* Utils.h */,
				B778FDD120F645FB00E6D168 /* EDecoder.h */,
				B778FDD220F645FB00E6D168 /* TickAttrib.h */,
				B778FDD320F645FB00E6D168 /* OrderSamples.h */,
				B778FDD420F645FB00E6D168 /* CommonDefs.h */,
				B778FDD520F645FB00E6D168 /* SoftDollarTier.h */,
				B778FDD620F645FB00E6D168 /* StdAfx.h */,
				B778FDD720F645FB00E6D168 /* TwsSocketClientErrors.h */,
				B778FDD820F645FB00E6D168 /* EReaderSignal.h */,
				B778FDD920F645FB00E6D168 /* EClient.h */,
				B778FDDA20F645FB00E6D168 /* FamilyCode.h */,
				B778FDDB20F645FB00E6D168 /* EMessage.h */,
				B778FDDC20F645FB00E6D168 /* EReader.h */,
				B778FDDD20F645FB00E6D168 /* DefaultEWrapper.h */,
				B778FDDE20F645FB00E6D168 /* MarginCondition.h */,
				B778FDDF20F645FB00E6D168 /* EWrapper.h */,
				B778FDE020F645FB00E6D168 /* ETransport.h */,
				B778FDE120F645FB00E6D168 /* Execution.h */,
				B778FDE220F645FB00E6D168 /* EClientMsgSink.h */,
				B778FDE320F645FB00E6D168 /* HistoricalTick.h */,
				B778FDE420F645FB00E6D168 /* bar.h */,
				B778FDE520F645FB00E6D168 /* EPosixClientSocketPlatform.h */,
				B778FDE620F645FB00E6D168 /* AccountSummaryTags.h */,
				B778FDE720F645FB00E6D168 /* CommissionReport.h */,
				B778FDE820F645FB00E6D168 /* PriceIncrement.h */,
				B778FDE920F645FB00E6D168 /* EMutex.h */,
				B778FDEA20F645FB00E6D168 /* ScannerSubscriptionSamples.h */,
				B778FDEB20F645FB00E6D168 /* PriceCondition.h */,
				B778FDEC20F645FB00E6D168 /* OrderCondition.h */,
				B778FDED20F645FB00E6D168 /* ContractCondition.h */,
				B778FDEE20F645FB00E6D168 /* Order.h */,
				B778FDEF20F645FB00E6D168 /* AvailableAlgoParams.h */,
				B778FDF020F645FB00E6D168 /* OperatorCondition.h */,
				B778FDF120F645FB00E6D168 /* TagValue.h */,
				B778FDF220F645FB00E6D168 /* DepthMktDataDescription.h */,
				B778FDF320F645FB00E6D168 /* resource.h */,
				B778FDF420F645FB00E6D168 /* VolumeCondition.h */,
				B778FDF520F645FB00E6D168 /* TimeCondition.h */,
				B778FDF620F645FB00E6D168 /* EWrapper_prototypes.h */,
				B778FDF720F645FB00E6D168 /* EReaderOSSignal.h */,
				B778FDF820F645FB00E6D168 /* Contract.h */,
				B778FDF920F645FB00E6D168 /* ESocket.h */,
				B778FDFA20F645FB00E6D168 /* IExternalizable.h */,
				B778FDFB20F645FB00E6D168 /* HistoricalTickLast.h */,
				B778FDFC20F645FB00E6D168 /* ContractSamples.h */,
				B778FDFD20F645FB00E6D168 /* PercentChangeCondition.h */,
				B778FDFE20F645FB00E6D168 /* OrderState.h */,
				B778FDFF20F645FB00E6D168 /* FAMethodSamples.h */,
				B778FE0020F645FB00E6D168 /* NewsProvider.h */,
				B778FE0120F645FB00E6D168 /* HistoricalTickBidAsk.h */,
				B778FE0220F645FB00E6D168 /* EClientSocket.h */,
				B778FE0320F645FB00E6D168 /* HistogramEntry.h */,
			);
			path = Header;
			sourceTree = "<group>";
		};
/* End PBXGroup section */

/* Begin PBXNativeTarget section */
		B778FD8820F6459F00E6D168 /* Gold */ = {
			isa = PBXNativeTarget;
			buildConfigurationList = B778FD9020F6459F00E6D168 /* Build configuration list for PBXNativeTarget "Gold" */;
			buildPhases = (
				B778FD8520F6459F00E6D168 /* Sources */,
				B778FD8620F6459F00E6D168 /* Frameworks */,
				B778FD8720F6459F00E6D168 /* CopyFiles */,
			);
			buildRules = (
			);
			dependencies = (
			);
			name = Gold;
			productName = Gold;
			productReference = B778FD8920F6459F00E6D168 /* Gold */;
			productType = "com.apple.product-type.tool";
		};
/* End PBXNativeTarget section */

/* Begin PBXProject section */
		B778FD8120F6459F00E6D168 /* Project object */ = {
			isa = PBXProject;
			attributes = {
				LastUpgradeCheck = 0940;
				ORGANIZATIONNAME = vave.cc;
				TargetAttributes = {
					B778FD8820F6459F00E6D168 = {
						CreatedOnToolsVersion = 9.4.1;
					};
				};
			};
			buildConfigurationList = B778FD8420F6459F00E6D168 /* Build configuration list for PBXProject "Gold" */;
			compatibilityVersion = "Xcode 9.3";
			developmentRegion = en;
			hasScannedForEncodings = 0;
			knownRegions = (
				en,
			);
			mainGroup = B778FD8020F6459F00E6D168;
			productRefGroup = B778FD8A20F6459F00E6D168 /* Products */;
			projectDirPath = "";
			projectRoot = "";
			targets = (
				B778FD8820F6459F00E6D168 /* Gold */,
			);
		};
/* End PBXProject section */

/* Begin PBXSourcesBuildPhase section */
		B778FD8520F6459F00E6D168 /* Sources */ = {
			isa = PBXSourcesBuildPhase;
			buildActionMask = 2147483647;
			files = (
				B778FDC120F645EE00E6D168 /* EDecoder.cc in Sources */,
				B778FDB120F645ED00E6D168 /* EReader.cc in Sources */,
				B778FDBD20F645ED00E6D168 /* MarginCondition.cc in Sources */,
				B778FDBE20F645EE00E6D168 /* OrderCondition.cc in Sources */,
				B778FDC320F645EE00E6D168 /* OrderSamples.cc in Sources */,
				B778FDC020F645EE00E6D168 /* OperatorCondition.cc in Sources */,
				B778FDC820F645EE00E6D168 /* AvailableAlgoParams.cc in Sources */,
				B778FDB920F645ED00E6D168 /* PriceCondition.cc in Sources */,
				B778FDBF20F645EE00E6D168 /* executioncondition.cc in Sources */,
				B778FDC920F645EE00E6D168 /* ContractCondition.cc in Sources */,
				B778FDBA20F645ED00E6D168 /* TimeCondition.cc in Sources */,
				B778FDC720F645EE00E6D168 /* EMessage.cc in Sources */,
				B778FDB420F645ED00E6D168 /* DefaultEWrapper.cc in Sources */,
				B778FDB220F645ED00E6D168 /* EMutex.cc in Sources */,
				B778FDBB20F645ED00E6D168 /* ContractSamples.cc in Sources */,
				B778FDCA20F645EE00E6D168 /* AccountSummaryTags.cc in Sources */,
				B778FDB020F645ED00E6D168 /* Main.cc in Sources */,
				B778FDB520F645ED00E6D168 /* EReaderOSSignal.cc in Sources */,
				B778FDCB20F645EE00E6D168 /* TestCppClient.cc in Sources */,
				B778FDBC20F645ED00E6D168 /* ESocket.cc in Sources */,
				B778FDB720F645ED00E6D168 /* Utils.cc in Sources */,
				B778FDB620F645ED00E6D168 /* PercentChangeCondition.cc in Sources */,
				B778FDC420F645EE00E6D168 /* SoftDollarTier.cc in Sources */,
				B778FDC520F645EE00E6D168 /* EClient.cc in Sources */,
				B778FDB820F645ED00E6D168 /* ScannerSubscriptionSamples.cc in Sources */,
				B778FDC220F645EE00E6D168 /* VolumeCondition.cc in Sources */,
				B778FDB320F645ED00E6D168 /* StdAfx.cc in Sources */,
				B778FDC620F645EE00E6D168 /* EClientSocket.cc in Sources */,
			);
			runOnlyForDeploymentPostprocessing = 0;
		};
/* End PBXSourcesBuildPhase section */

/* Begin XCBuildConfiguration section */
		B778FD8E20F6459F00E6D168 /* Debug */ = {
			isa = XCBuildConfiguration;
			buildSettings = {
				ALWAYS_SEARCH_USER_PATHS = NO;
				CLANG_ANALYZER_NONNULL = YES;
				CLANG_ANALYZER_NUMBER_OBJECT_CONVERSION = YES_AGGRESSIVE;
				CLANG_CXX_LANGUAGE_STANDARD = "gnu++14";
				CLANG_CXX_LIBRARY = "libc++";
				CLANG_ENABLE_MODULES = YES;
				CLANG_ENABLE_OBJC_ARC = YES;
				CLANG_ENABLE_OBJC_WEAK = YES;
				CLANG_WARN_BLOCK_CAPTURE_AUTORELEASING = YES;
				CLANG_WARN_BOOL_CONVERSION = YES;
				CLANG_WARN_COMMA = YES;
				CLANG_WARN_CONSTANT_CONVERSION = YES;
				CLANG_WARN_DEPRECATED_OBJC_IMPLEMENTATIONS = YES;
				CLANG_WARN_DIRECT_OBJC_ISA_USAGE = YES_ERROR;
				CLANG_WARN_DOCUMENTATION_COMMENTS = YES;
				CLANG_WARN_EMPTY_BODY = YES;
				CLANG_WARN_ENUM_CONVERSION = YES;
				CLANG_WARN_INFINITE_RECURSION = YES;
				CLANG_WARN_INT_CONVERSION = YES;
				CLANG_WARN_NON_LITERAL_NULL_CONVERSION = YES;
				CLANG_WARN_OBJC_IMPLICIT_RETAIN_SELF = YES;
				CLANG_WARN_OBJC_LITERAL_CONVERSION = YES;
				CLANG_WARN_OBJC_ROOT_CLASS = YES_ERROR;
				CLANG_WARN_RANGE_LOOP_ANALYSIS = YES;
				CLANG_WARN_STRICT_PROTOTYPES = YES;
				CLANG_WARN_SUSPICIOUS_MOVE = YES;
				CLANG_WARN_UNGUARDED_AVAILABILITY = YES_AGGRESSIVE;
				CLANG_WARN_UNREACHABLE_CODE = YES;
				CLANG_WARN__DUPLICATE_METHOD_MATCH = YES;
				CODE_SIGN_IDENTITY = "Mac Developer";
				COPY_PHASE_STRIP = NO;
				DEBUG_INFORMATION_FORMAT = dwarf;
				ENABLE_STRICT_OBJC_MSGSEND = YES;
				ENABLE_TESTABILITY = YES;
				GCC_C_LANGUAGE_STANDARD = gnu11;
				GCC_DYNAMIC_NO_PIC = NO;
				GCC_NO_COMMON_BLOCKS = YES;
				GCC_OPTIMIZATION_LEVEL = 0;
				GCC_PREPROCESSOR_DEFINITIONS = (
					"DEBUG=1",
					"$(inherited)",
				);
				GCC_WARN_64_TO_32_BIT_CONVERSION = YES;
				GCC_WARN_ABOUT_RETURN_TYPE = YES_ERROR;
				GCC_WARN_UNDECLARED_SELECTOR = YES;
				GCC_WARN_UNINITIALIZED_AUTOS = YES_AGGRESSIVE;
				GCC_WARN_UNUSED_FUNCTION = YES;
				GCC_WARN_UNUSED_VARIABLE = YES;
				MACOSX_DEPLOYMENT_TARGET = 10.13;
				MTL_ENABLE_DEBUG_INFO = YES;
				ONLY_ACTIVE_ARCH = YES;
				SDKROOT = macosx;
			};
			name = Debug;
		};
		B778FD8F20F6459F00E6D168 /* Release */ = {
			isa = XCBuildConfiguration;
			buildSettings = {
				ALWAYS_SEARCH_USER_PATHS = NO;
				CLANG_ANALYZER_NONNULL = YES;
				CLANG_ANALYZER_NUMBER_OBJECT_CONVERSION = YES_AGGRESSIVE;
				CLANG_CXX_LANGUAGE_STANDARD = "gnu++14";
				CLANG_CXX_LIBRARY = "libc++";
				CLANG_ENABLE_MODULES = YES;
				CLANG_ENABLE_OBJC_ARC = YES;
				CLANG_ENABLE_OBJC_WEAK = YES;
				CLANG_WARN_BLOCK_CAPTURE_AUTORELEASING = YES;
				CLANG_WARN_BOOL_CONVERSION = YES;
				CLANG_WARN_COMMA = YES;
				CLANG_WARN_CONSTANT_CONVERSION = YES;
				CLANG_WARN_DEPRECATED_OBJC_IMPLEMENTATIONS = YES;
				CLANG_WARN_DIRECT_OBJC_ISA_USAGE = YES_ERROR;
				CLANG_WARN_DOCUMENTATION_COMMENTS = YES;
				CLANG_WARN_EMPTY_BODY = YES;
				CLANG_WARN_ENUM_CONVERSION = YES;
				CLANG_WARN_INFINITE_RECURSION = YES;
				CLANG_WARN_INT_CONVERSION = YES;
				CLANG_WARN_NON_LITERAL_NULL_CONVERSION = YES;
				CLANG_WARN_OBJC_IMPLICIT_RETAIN_SELF = YES;
				CLANG_WARN_OBJC_LITERAL_CONVERSION = YES;
				CLANG_WARN_OBJC_ROOT_CLASS = YES_ERROR;
				CLANG_WARN_RANGE_LOOP_ANALYSIS = YES;
				CLANG_WARN_STRICT_PROTOTYPES = YES;
				CLANG_WARN_SUSPICIOUS_MOVE = YES;
				CLANG_WARN_UNGUARDED_AVAILABILITY = YES_AGGRESSIVE;
				CLANG_WARN_UNREACHABLE_CODE = YES;
				CLANG_WARN__DUPLICATE_METHOD_MATCH = YES;
				CODE_SIGN_IDENTITY = "Mac Developer";
				COPY_PHASE_STRIP = NO;
				DEBUG_INFORMATION_FORMAT = "dwarf-with-dsym";
				ENABLE_NS_ASSERTIONS = NO;
				ENABLE_STRICT_OBJC_MSGSEND = YES;
				GCC_C_LANGUAGE_STANDARD = gnu11;
				GCC_NO_COMMON_BLOCKS = YES;
				GCC_WARN_64_TO_32_BIT_CONVERSION = YES;
				GCC_WARN_ABOUT_RETURN_TYPE = YES_ERROR;
				GCC_WARN_UNDECLARED_SELECTOR = YES;
				GCC_WARN_UNINITIALIZED_AUTOS = YES_AGGRESSIVE;
				GCC_WARN_UNUSED_FUNCTION = YES;
				GCC_WARN_UNUSED_VARIABLE = YES;
				MACOSX_DEPLOYMENT_TARGET = 10.13;
				MTL_ENABLE_DEBUG_INFO = NO;
				SDKROOT = macosx;
			};
			name = Release;
		};
		B778FD9120F6459F00E6D168 /* Debug */ = {
			isa = XCBuildConfiguration;
			buildSettings = {
				CODE_SIGN_STYLE = Automatic;
				DEVELOPMENT_TEAM = 396XA77LRL;
				PRODUCT_NAME = "$(TARGET_NAME)";
			};
			name = Debug;
		};
		B778FD9220F6459F00E6D168 /* Release */ = {
			isa = XCBuildConfiguration;
			buildSettings = {
				CODE_SIGN_STYLE = Automatic;
				DEVELOPMENT_TEAM = 396XA77LRL;
				PRODUCT_NAME = "$(TARGET_NAME)";
			};
			name = Release;
		};
/* End XCBuildConfiguration section */

/* Begin XCConfigurationList section */
		B778FD8420F6459F00E6D168 /* Build configuration list for PBXProject "Gold" */ = {
			isa = XCConfigurationList;
			buildConfigurations = (
				B778FD8E20F6459F00E6D168 /* Debug */,
				B778FD8F20F6459F00E6D168 /* Release */,
			);
			defaultConfigurationIsVisible = 0;
			defaultConfigurationName = Release;
		};
		B778FD9020F6459F00E6D168 /* Build configuration list for PBXNativeTarget "Gold" */ = {
			isa = XCConfigurationList;
			buildConfigurations = (
				B778FD9120F6459F00E6D168 /* Debug */,
				B778FD9220F6459F00E6D168 /* Release */,
			);
			defaultConfigurationIsVisible = 0;
			defaultConfigurationName = Release;
		};
/* End XCConfigurationList section */
	};
	rootObject = B778FD8120F6459F00E6D168 /* Project object */;
}
